
Microsoft Visual Studio Solution File, Format Version 12.00
# Visual Studio Version 16
VisualStudioVersion = 16.0.28803.352
MinimumVisualStudioVersion = 10.0.40219.1
Project("{9A19103F-16F7-4668-BE54-9A1E7A4F7556}") = "ServiceModel.Configuration", "ServiceModel.Configuration\ServiceModel.Configuration.csproj", "{4D5C3F71-66A8-4729-9229-8023AC41E445}"
EndProject
Project("{9A19103F-16F7-4668-BE54-9A1E7A4F7556}") = "ServiceModel.Configuration.Tests", "ServiceModel.Configuration.Tests\ServiceModel.Configuration.Tests.csproj", "{40719496-B3DE-49B1-8BAF-30AA010569A8}"
EndProject
Project("{2150E333-8FDC-42A3-9474-1A3956D46DE8}") = "src", "src", "{58A73F5D-7542-43BC-AC68-6035D6A65BF4}"
EndProject
Project("{2150E333-8FDC-42A3-9474-1A3956D46DE8}") = "test", "test", "{20408FB4-DA83-4757-98BD-15006F78184E}"
EndProject
Project("{2150E333-8FDC-42A3-9474-1A3956D46DE8}") = "sample", "sample", "{F0F675EF-ABF0-4118-ACCB-F9A7A151020B}"
EndProject
Project("{9A19103F-16F7-4668-BE54-9A1E7A4F7556}") = "ConfigurationSample", "sample\ConfigurationSample\ConfigurationSample.csproj", "{54B6B989-9C2E-4EC5-8B1B-974AA48AF349}"
EndProject
Project("{9A19103F-16F7-4668-BE54-9A1E7A4F7556}") = "WcfServer", "sample\WcfServer\WcfServer.csproj", "{76EFC77E-D483-498C-A7A2-15B41BA3335A}"
EndProject
Project("{9A19103F-16F7-4668-BE54-9A1E7A4F7556}") = "ServiceModel.Configuration.ConfigurationManager", "ServiceModel.Configuration.ConfigurationManager\ServiceModel.Configuration.ConfigurationManager.csproj", "{53EF837B-EC1A-45CC-8CDD-2E2C2487203E}"
EndProject
Project("{9A19103F-16F7-4668-BE54-9A1E7A4F7556}") = "ServiceModel.Configuration.ConfigurationManager.Tests", "ServiceModel.Configuration.ConfigurationManager.Tests\ServiceModel.Configuration.ConfigurationManager.Tests.csproj", "{23B6A8B0-E2DF-4C04-B2E5-9D51FD40B2A3}"
EndProject
Global
	GlobalSection(SolutionConfigurationPlatforms) = preSolution
		Debug|Any CPU = Debug|Any CPU
		Release|Any CPU = Release|Any CPU
	EndGlobalSection
	GlobalSection(ProjectConfigurationPlatforms) = postSolution
		{4D5C3F71-66A8-4729-9229-8023AC41E445}.Debug|Any CPU.ActiveCfg = Debug|Any CPU
		{4D5C3F71-66A8-4729-9229-8023AC41E445}.Debug|Any CPU.Build.0 = Debug|Any CPU
		{4D5C3F71-66A8-4729-9229-8023AC41E445}.Release|Any CPU.ActiveCfg = Release|Any CPU
		{4D5C3F71-66A8-4729-9229-8023AC41E445}.Release|Any CPU.Build.0 = Release|Any CPU
		{40719496-B3DE-49B1-8BAF-30AA010569A8}.Debug|Any CPU.ActiveCfg = Debug|Any CPU
		{40719496-B3DE-49B1-8BAF-30AA010569A8}.Debug|Any CPU.Build.0 = Debug|Any CPU
		{40719496-B3DE-49B1-8BAF-30AA010569A8}.Release|Any CPU.ActiveCfg = Release|Any CPU
		{40719496-B3DE-49B1-8BAF-30AA010569A8}.Release|Any CPU.Build.0 = Release|Any CPU
		{54B6B989-9C2E-4EC5-8B1B-974AA48AF349}.Debug|Any CPU.ActiveCfg = Debug|Any CPU
		{54B6B989-9C2E-4EC5-8B1B-974AA48AF349}.Debug|Any CPU.Build.0 = Debug|Any CPU
		{54B6B989-9C2E-4EC5-8B1B-974AA48AF349}.Release|Any CPU.ActiveCfg = Release|Any CPU
		{54B6B989-9C2E-4EC5-8B1B-974AA48AF349}.Release|Any CPU.Build.0 = Release|Any CPU
		{76EFC77E-D483-498C-A7A2-15B41BA3335A}.Debug|Any CPU.ActiveCfg = Debug|Any CPU
		{76EFC77E-D483-498C-A7A2-15B41BA3335A}.Debug|Any CPU.Build.0 = Debug|Any CPU
		{76EFC77E-D483-498C-A7A2-15B41BA3335A}.Release|Any CPU.ActiveCfg = Release|Any CPU
		{76EFC77E-D483-498C-A7A2-15B41BA3335A}.Release|Any CPU.Build.0 = Release|Any CPU
		{53EF837B-EC1A-45CC-8CDD-2E2C2487203E}.Debug|Any CPU.ActiveCfg = Debug|Any CPU
		{53EF837B-EC1A-45CC-8CDD-2E2C2487203E}.Debug|Any CPU.Build.0 = Debug|Any CPU
		{53EF837B-EC1A-45CC-8CDD-2E2C2487203E}.Release|Any CPU.ActiveCfg = Release|Any CPU
		{53EF837B-EC1A-45CC-8CDD-2E2C2487203E}.Release|Any CPU.Build.0 = Release|Any CPU
		{23B6A8B0-E2DF-4C04-B2E5-9D51FD40B2A3}.Debug|Any CPU.ActiveCfg = Debug|Any CPU
		{23B6A8B0-E2DF-4C04-B2E5-9D51FD40B2A3}.Debug|Any CPU.Build.0 = Debug|Any CPU
		{23B6A8B0-E2DF-4C04-B2E5-9D51FD40B2A3}.Release|Any CPU.ActiveCfg = Release|Any CPU
		{23B6A8B0-E2DF-4C04-B2E5-9D51FD40B2A3}.Release|Any CPU.Build.0 = Release|Any CPU
	EndGlobalSection
	GlobalSection(SolutionProperties) = preSolution
		HideSolutionNode = FALSE
	EndGlobalSection
	GlobalSection(NestedProjects) = preSolution
		{4D5C3F71-66A8-4729-9229-8023AC41E445} = {58A73F5D-7542-43BC-AC68-6035D6A65BF4}
		{40719496-B3DE-49B1-8BAF-30AA010569A8} = {20408FB4-DA83-4757-98BD-15006F78184E}
		{54B6B989-9C2E-4EC5-8B1B-974AA48AF349} = {F0F675EF-ABF0-4118-ACCB-F9A7A151020B}
		{76EFC77E-D483-498C-A7A2-15B41BA3335A} = {F0F675EF-ABF0-4118-ACCB-F9A7A151020B}
		{53EF837B-EC1A-45CC-8CDD-2E2C2487203E} = {58A73F5D-7542-43BC-AC68-6035D6A65BF4}
		{23B6A8B0-E2DF-4C04-B2E5-9D51FD40B2A3} = {20408FB4-DA83-4757-98BD-15006F78184E}
	EndGlobalSection
	GlobalSection(ExtensibilityGlobals) = postSolution
		SolutionGuid = {F97525AA-4A0C-4437-BC31-3E562F758A8D}
	EndGlobalSection
EndGlobal
